
Microsoft Visual Studio Solution File, Format Version 12.00
# Visual Studio Version 17
VisualStudioVersion = 17.14.36301.6 d17.14
MinimumVisualStudioVersion = 10.0.40219.1
Project("{FAE04EC0-301F-11D3-BF4B-00C04F79EFBC}") = "StatusK2Web", "StatusK2Web\StatusK2Web.csproj", "{72F4FBD5-BD14-4652-97A1-E054E2427385}"
EndProject
Global
	GlobalSection(SolutionConfigurationPlatforms) = preSolution
		Debug|Any CPU = Debug|Any CPU
		Release|Any CPU = Release|Any CPU
	EndGlobalSection
	GlobalSection(ProjectConfigurationPlatforms) = postSolution
		{72F4FBD5-BD14-4652-97A1-E054E2427385}.Debug|Any CPU.ActiveCfg = Debug|Any CPU
		{72F4FBD5-BD14-4652-97A1-E054E2427385}.Debug|Any CPU.Build.0 = Debug|Any CPU
		{72F4FBD5-BD14-4652-97A1-E054E2427385}.Release|Any CPU.ActiveCfg = Release|Any CPU
		{72F4FBD5-BD14-4652-97A1-E054E2427385}.Release|Any CPU.Build.0 = Release|Any CPU
	EndGlobalSection
	GlobalSection(SolutionProperties) = preSolution
		HideSolutionNode = FALSE
	EndGlobalSection
	GlobalSection(ExtensibilityGlobals) = postSolution
		SolutionGuid = {0C58C769-0CE7-41E7-BCA7-EF13172D40E8}
	EndGlobalSection
EndGlobal
